{
    "version": 3,
    "terraform_version": "0.11.10",
    "serial": 11,
    "lineage": "dfb29636-9a47-2e41-df0f-9b5028a6813c",
    "modules": [
        {
            "path": [
                "root"
            ],
            "outputs": {},
            "resources": {
                "aws_instance.Matt-Web-01": {
                    "type": "aws_instance",
                    "depends_on": [
                        "aws_security_group.test-sg",
                        "aws_subnet.tfsubnet"
                    ],
                    "primary": {
                        "id": "i-027ea8ff62e3a9d54",
                        "attributes": {
                            "ami": "ami-028779930ada5200c",
                            "arn": "arn:aws:ec2:us-east-2:745434025343:instance/i-027ea8ff62e3a9d54",
                            "associate_public_ip_address": "false",
                            "availability_zone": "us-east-2a",
                            "cpu_core_count": "1",
                            "cpu_threads_per_core": "1",
                            "credit_specification.#": "1",
                            "credit_specification.0.cpu_credits": "standard",
                            "disable_api_termination": "false",
                            "ebs_block_device.#": "0",
                            "ebs_optimized": "false",
                            "ephemeral_block_device.#": "0",
                            "get_password_data": "false",
                            "iam_instance_profile": "",
                            "id": "i-027ea8ff62e3a9d54",
                            "instance_state": "running",
                            "instance_type": "t2.micro",
                            "ipv6_addresses.#": "0",
                            "key_name": "MattEC2",
                            "monitoring": "false",
                            "network_interface.#": "0",
                            "network_interface_id": "eni-002bf01912fd94c0f",
                            "password_data": "",
                            "placement_group": "",
                            "primary_network_interface_id": "eni-002bf01912fd94c0f",
                            "private_dns": "ip-10-0-0-152.us-east-2.compute.internal",
                            "private_ip": "10.0.0.152",
                            "public_dns": "",
                            "public_ip": "",
                            "root_block_device.#": "1",
                            "root_block_device.0.delete_on_termination": "true",
                            "root_block_device.0.iops": "100",
                            "root_block_device.0.volume_id": "vol-01812d357dc07e606",
                            "root_block_device.0.volume_size": "30",
                            "root_block_device.0.volume_type": "gp2",
                            "security_groups.#": "0",
                            "source_dest_check": "true",
                            "subnet_id": "subnet-0bbc3058bd5712ced",
                            "tags.%": "1",
                            "tags.Name": "Matt-Web-01",
                            "tenancy": "default",
                            "volume_tags.%": "0",
                            "vpc_security_group_ids.#": "1",
                            "vpc_security_group_ids.3465526873": "sg-045a33069f429b4e6"
                        },
                        "meta": {
                            "e2bfb730-ecaa-11e6-8f88-34363bc7c4c0": {
                                "create": 600000000000,
                                "delete": 1200000000000,
                                "update": 600000000000
                            },
                            "schema_version": "1"
                        },
                        "tainted": false
                    },
                    "deposed": [],
                    "provider": "provider.aws"
                },
                "aws_instance.Matt-Web-02": {
                    "type": "aws_instance",
                    "depends_on": [
                        "aws_security_group.test-sg",
                        "aws_subnet.tfsubnet"
                    ],
                    "primary": {
                        "id": "i-0cd086d21ba6c00dd",
                        "attributes": {
                            "ami": "ami-0679e5ac84d15f15e",
                            "arn": "arn:aws:ec2:us-east-2:745434025343:instance/i-0cd086d21ba6c00dd",
                            "associate_public_ip_address": "false",
                            "availability_zone": "us-east-2a",
                            "cpu_core_count": "1",
                            "cpu_threads_per_core": "1",
                            "credit_specification.#": "1",
                            "credit_specification.0.cpu_credits": "standard",
                            "disable_api_termination": "false",
                            "ebs_block_device.#": "0",
                            "ebs_optimized": "false",
                            "ephemeral_block_device.#": "0",
                            "get_password_data": "false",
                            "iam_instance_profile": "",
                            "id": "i-0cd086d21ba6c00dd",
                            "instance_state": "running",
                            "instance_type": "t2.micro",
                            "ipv6_addresses.#": "0",
                            "key_name": "MattEC2",
                            "monitoring": "false",
                            "network_interface.#": "0",
                            "network_interface_id": "eni-0f0a858c0ea6e1ba6",
                            "password_data": "",
                            "placement_group": "",
                            "primary_network_interface_id": "eni-0f0a858c0ea6e1ba6",
                            "private_dns": "ip-10-0-0-145.us-east-2.compute.internal",
                            "private_ip": "10.0.0.145",
                            "public_dns": "",
                            "public_ip": "",
                            "root_block_device.#": "1",
                            "root_block_device.0.delete_on_termination": "true",
                            "root_block_device.0.iops": "100",
                            "root_block_device.0.volume_id": "vol-0ef10ae5f0eb5e631",
                            "root_block_device.0.volume_size": "30",
                            "root_block_device.0.volume_type": "gp2",
                            "security_groups.#": "0",
                            "source_dest_check": "true",
                            "subnet_id": "subnet-0bbc3058bd5712ced",
                            "tags.%": "1",
                            "tags.Name": "Matt-Web-02",
                            "tenancy": "default",
                            "volume_tags.%": "0",
                            "vpc_security_group_ids.#": "1",
                            "vpc_security_group_ids.3465526873": "sg-045a33069f429b4e6"
                        },
                        "meta": {
                            "e2bfb730-ecaa-11e6-8f88-34363bc7c4c0": {
                                "create": 600000000000,
                                "delete": 1200000000000,
                                "update": 600000000000
                            },
                            "schema_version": "1"
                        },
                        "tainted": false
                    },
                    "deposed": [],
                    "provider": "provider.aws"
                },
                "aws_internet_gateway.gw": {
                    "type": "aws_internet_gateway",
                    "depends_on": [
                        "aws_vpc.tftest"
                    ],
                    "primary": {
                        "id": "igw-0cdae754c5048c3fa",
                        "attributes": {
                            "id": "igw-0cdae754c5048c3fa",
                            "vpc_id": "vpc-07c110bb0b9a2eac5"
                        },
                        "meta": {},
                        "tainted": false
                    },
                    "deposed": [],
                    "provider": "provider.aws"
                },
                "aws_security_group.test-sg": {
                    "type": "aws_security_group",
                    "depends_on": [
                        "aws_vpc.tftest"
                    ],
                    "primary": {
                        "id": "sg-045a33069f429b4e6",
                        "attributes": {
                            "arn": "arn:aws:ec2:us-east-2:745434025343:security-group/sg-045a33069f429b4e6",
                            "description": "Allow Windows Remote Management",
                            "egress.#": "0",
                            "id": "sg-045a33069f429b4e6",
                            "ingress.#": "1",
                            "ingress.1138479083.cidr_blocks.#": "1",
                            "ingress.1138479083.cidr_blocks.0": "0.0.0.0/0",
                            "ingress.1138479083.description": "",
                            "ingress.1138479083.from_port": "5985",
                            "ingress.1138479083.ipv6_cidr_blocks.#": "0",
                            "ingress.1138479083.prefix_list_ids.#": "0",
                            "ingress.1138479083.protocol": "tcp",
                            "ingress.1138479083.security_groups.#": "0",
                            "ingress.1138479083.self": "false",
                            "ingress.1138479083.to_port": "5985",
                            "name": "allow winrm",
                            "owner_id": "745434025343",
                            "revoke_rules_on_delete": "false",
                            "tags.%": "1",
                            "tags.Name": "allow WINRM",
                            "vpc_id": "vpc-07c110bb0b9a2eac5"
                        },
                        "meta": {
                            "e2bfb730-ecaa-11e6-8f88-34363bc7c4c0": {
                                "create": 600000000000,
                                "delete": 600000000000
                            },
                            "schema_version": "1"
                        },
                        "tainted": false
                    },
                    "deposed": [],
                    "provider": "provider.aws"
                },
                "aws_subnet.tfsubnet": {
                    "type": "aws_subnet",
                    "depends_on": [
                        "aws_vpc.tftest"
                    ],
                    "primary": {
                        "id": "subnet-0bbc3058bd5712ced",
                        "attributes": {
                            "arn": "arn:aws:ec2:us-east-2:745434025343:subnet/subnet-0bbc3058bd5712ced",
                            "assign_ipv6_address_on_creation": "false",
                            "availability_zone": "us-east-2a",
                            "cidr_block": "10.0.0.0/24",
                            "id": "subnet-0bbc3058bd5712ced",
                            "map_public_ip_on_launch": "false",
                            "tags.%": "1",
                            "tags.Name": "TF Subnet",
                            "vpc_id": "vpc-07c110bb0b9a2eac5"
                        },
                        "meta": {
                            "e2bfb730-ecaa-11e6-8f88-34363bc7c4c0": {
                                "create": 600000000000,
                                "delete": 600000000000
                            },
                            "schema_version": "1"
                        },
                        "tainted": false
                    },
                    "deposed": [],
                    "provider": "provider.aws"
                },
                "aws_vpc.tftest": {
                    "type": "aws_vpc",
                    "depends_on": [],
                    "primary": {
                        "id": "vpc-07c110bb0b9a2eac5",
                        "attributes": {
                            "arn": "arn:aws:ec2:us-east-2:745434025343:vpc/vpc-07c110bb0b9a2eac5",
                            "assign_generated_ipv6_cidr_block": "false",
                            "cidr_block": "10.0.0.0/16",
                            "default_network_acl_id": "acl-03557be7b4cb9ea1f",
                            "default_route_table_id": "rtb-0bdee7b1cd187a408",
                            "default_security_group_id": "sg-083b3a357d54df1c3",
                            "dhcp_options_id": "dopt-f756499f",
                            "enable_dns_hostnames": "false",
                            "enable_dns_support": "true",
                            "id": "vpc-07c110bb0b9a2eac5",
                            "instance_tenancy": "default",
                            "main_route_table_id": "rtb-0bdee7b1cd187a408",
                            "tags.%": "0"
                        },
                        "meta": {
                            "schema_version": "1"
                        },
                        "tainted": false
                    },
                    "deposed": [],
                    "provider": "provider.aws"
                }
            },
            "depends_on": []
        }
    ]
}
